// !$*UTF8*$!
{
	archiveVersion = 1;
	classes = {
	};
	objectVersion = 56;
	objects = {

/* Begin PBXBuildFile section */
		2E5929652A9796CF00BDFEE5 /* WidgetKit.framework in Frameworks */ = {isa = PBXBuildFile; fileRef = 2E5929642A9796CF00BDFEE5 /* WidgetKit.framework */; };
		2E5929672A9796CF00BDFEE5 /* SwiftUI.framework in Frameworks */ = {isa = PBXBuildFile; fileRef = 2E5929662A9796CF00BDFEE5 /* SwiftUI.framework */; };
		2E59296A2A9796CF00BDFEE5 /* WidgetsBundle.swift in Sources */ = {isa = PBXBuildFile; fileRef = 2E5929692A9796CF00BDFEE5 /* WidgetsBundle.swift */; };
		2E5929702A9796D200BDFEE5 /* Assets.xcassets in Resources */ = {isa = PBXBuildFile; fileRef = 2E59296F2A9796D200BDFEE5 /* Assets.xcassets */; };
		2E5929752A9796D200BDFEE5 /* WidgetsExtension.appex in Embed Foundation Extensions */ = {isa = PBXBuildFile; fileRef = 2E5929632A9796CF00BDFEE5 /* WidgetsExtension.appex */; settings = {ATTRIBUTES = (RemoveHeadersOnCopy, ); }; };
		2E61C0D12A4C7EE6009C6552 /* GitBoardApp.swift in Sources */ = {isa = PBXBuildFile; fileRef = 2E61C0D02A4C7EE6009C6552 /* GitBoardApp.swift */; };
		2E61C0D72A4C7EE7009C6552 /* Assets.xcassets in Resources */ = {isa = PBXBuildFile; fileRef = 2E61C0D62A4C7EE7009C6552 /* Assets.xcassets */; };
		2E61C0DB2A4C7EE7009C6552 /* Preview Assets.xcassets in Resources */ = {isa = PBXBuildFile; fileRef = 2E61C0DA2A4C7EE7009C6552 /* Preview Assets.xcassets */; };
		2E6B42DE2A9A530F0073A458 /* AccountEntry.swift in Sources */ = {isa = PBXBuildFile; fileRef = 2E6B42D62A9A526B0073A458 /* AccountEntry.swift */; };
		2E6B42DF2A9A53130073A458 /* AccountEntryView.swift in Sources */ = {isa = PBXBuildFile; fileRef = 2E6B42D82A9A52700073A458 /* AccountEntryView.swift */; };
		2E6B42E02A9A53170073A458 /* AccountTimelineProvider.swift in Sources */ = {isa = PBXBuildFile; fileRef = 2E6B42DA2A9A52730073A458 /* AccountTimelineProvider.swift */; };
		2E6B42E12A9A531A0073A458 /* AccountWidgets.swift in Sources */ = {isa = PBXBuildFile; fileRef = 2E6B42DC2A9A52770073A458 /* AccountWidgets.swift */; };
		2E6B42E42A9A53480073A458 /* GitBoardUI in Embed Frameworks */ = {isa = PBXBuildFile; productRef = 2E6B42E22A9A53480073A458 /* GitBoardUI */; settings = {ATTRIBUTES = (CodeSignOnCopy, ); }; };
		2ECB861A2A9A53C800CC7314 /* GitBoardUI in Frameworks */ = {isa = PBXBuildFile; productRef = 2E6B42E22A9A53480073A458 /* GitBoardUI */; };
		2ECB861C2A9A5AD000CC7314 /* AccountConfiguration.swift in Sources */ = {isa = PBXBuildFile; fileRef = 2ECB861B2A9A5AD000CC7314 /* AccountConfiguration.swift */; };
		2ECB861E2A9A5B4B00CC7314 /* SelectableColor.swift in Sources */ = {isa = PBXBuildFile; fileRef = 2ECB861D2A9A5B4B00CC7314 /* SelectableColor.swift */; };
		2EDF18AF2A507B24000C5684 /* GitBoardUI in Frameworks */ = {isa = PBXBuildFile; productRef = 2EDF18AE2A507B24000C5684 /* GitBoardUI */; };
		2EDF18B12A507B25000C5684 /* GitBoardUI in Embed Frameworks */ = {isa = PBXBuildFile; productRef = 2EDF18AE2A507B24000C5684 /* GitBoardUI */; settings = {ATTRIBUTES = (CodeSignOnCopy, ); }; };
/* End PBXBuildFile section */

/* Begin PBXContainerItemProxy section */
		2E5929732A9796D200BDFEE5 /* PBXContainerItemProxy */ = {
			isa = PBXContainerItemProxy;
			containerPortal = 2E61C0C52A4C7EE6009C6552 /* Project object */;
			proxyType = 1;
			remoteGlobalIDString = 2E5929622A9796CF00BDFEE5;
			remoteInfo = WidgetsExtension;
		};
/* End PBXContainerItemProxy section */

/* Begin PBXCopyFilesBuildPhase section */
		2E5929762A9796D200BDFEE5 /* Embed Foundation Extensions */ = {
			isa = PBXCopyFilesBuildPhase;
			buildActionMask = 2147483647;
			dstPath = "";
			dstSubfolderSpec = 13;
			files = (
				2E5929752A9796D200BDFEE5 /* WidgetsExtension.appex in Embed Foundation Extensions */,
			);
			name = "Embed Foundation Extensions";
			runOnlyForDeploymentPostprocessing = 0;
		};
		2E59297C2A9798F600BDFEE5 /* Embed Frameworks */ = {
			isa = PBXCopyFilesBuildPhase;
			buildActionMask = 2147483647;
			dstPath = "";
			dstSubfolderSpec = 10;
			files = (
				2E6B42E42A9A53480073A458 /* GitBoardUI in Embed Frameworks */,
			);
			name = "Embed Frameworks";
			runOnlyForDeploymentPostprocessing = 0;
		};
		2EDF18B02A507B24000C5684 /* Embed Frameworks */ = {
			isa = PBXCopyFilesBuildPhase;
			buildActionMask = 2147483647;
			dstPath = "";
			dstSubfolderSpec = 10;
			files = (
				2EDF18B12A507B25000C5684 /* GitBoardUI in Embed Frameworks */,
			);
			name = "Embed Frameworks";
			runOnlyForDeploymentPostprocessing = 0;
		};
/* End PBXCopyFilesBuildPhase section */

/* Begin PBXFileReference section */
		2E19563F2A51BC0A00CC02E9 /* Info.plist */ = {isa = PBXFileReference; lastKnownFileType = text.plist; path = Info.plist; sourceTree = "<group>"; };
		2E5929632A9796CF00BDFEE5 /* WidgetsExtension.appex */ = {isa = PBXFileReference; explicitFileType = "wrapper.app-extension"; includeInIndex = 0; path = WidgetsExtension.appex; sourceTree = BUILT_PRODUCTS_DIR; };
		2E5929642A9796CF00BDFEE5 /* WidgetKit.framework */ = {isa = PBXFileReference; lastKnownFileType = wrapper.framework; name = WidgetKit.framework; path = /System/Library/Frameworks/WidgetKit.framework; sourceTree = "<absolute>"; };
		2E5929662A9796CF00BDFEE5 /* SwiftUI.framework */ = {isa = PBXFileReference; lastKnownFileType = wrapper.framework; name = SwiftUI.framework; path = /System/Library/Frameworks/SwiftUI.framework; sourceTree = "<absolute>"; };
		2E5929692A9796CF00BDFEE5 /* WidgetsBundle.swift */ = {isa = PBXFileReference; lastKnownFileType = sourcecode.swift; path = WidgetsBundle.swift; sourceTree = "<group>"; };
		2E59296F2A9796D200BDFEE5 /* Assets.xcassets */ = {isa = PBXFileReference; lastKnownFileType = folder.assetcatalog; path = Assets.xcassets; sourceTree = "<group>"; };
		2E5929712A9796D200BDFEE5 /* Info.plist */ = {isa = PBXFileReference; lastKnownFileType = text.plist.xml; path = Info.plist; sourceTree = "<group>"; };
		2E5929722A9796D200BDFEE5 /* Widgets.entitlements */ = {isa = PBXFileReference; lastKnownFileType = text.plist.entitlements; path = Widgets.entitlements; sourceTree = "<group>"; };
		2E61C0CD2A4C7EE6009C6552 /* GitBoardApp.app */ = {isa = PBXFileReference; explicitFileType = wrapper.application; includeInIndex = 0; path = GitBoardApp.app; sourceTree = BUILT_PRODUCTS_DIR; };
		2E61C0D02A4C7EE6009C6552 /* GitBoardApp.swift */ = {isa = PBXFileReference; lastKnownFileType = sourcecode.swift; path = GitBoardApp.swift; sourceTree = "<group>"; };
		2E61C0D62A4C7EE7009C6552 /* Assets.xcassets */ = {isa = PBXFileReference; lastKnownFileType = folder.assetcatalog; path = Assets.xcassets; sourceTree = "<group>"; };
		2E61C0D82A4C7EE7009C6552 /* GitBoard.entitlements */ = {isa = PBXFileReference; lastKnownFileType = text.plist.entitlements; path = GitBoard.entitlements; sourceTree = "<group>"; };
		2E61C0DA2A4C7EE7009C6552 /* Preview Assets.xcassets */ = {isa = PBXFileReference; lastKnownFileType = folder.assetcatalog; path = "Preview Assets.xcassets"; sourceTree = "<group>"; };
		2E6B42D62A9A526B0073A458 /* AccountEntry.swift */ = {isa = PBXFileReference; lastKnownFileType = sourcecode.swift; path = AccountEntry.swift; sourceTree = "<group>"; };
		2E6B42D82A9A52700073A458 /* AccountEntryView.swift */ = {isa = PBXFileReference; fileEncoding = 4; lastKnownFileType = sourcecode.swift; path = AccountEntryView.swift; sourceTree = "<group>"; };
		2E6B42DA2A9A52730073A458 /* AccountTimelineProvider.swift */ = {isa = PBXFileReference; fileEncoding = 4; lastKnownFileType = sourcecode.swift; path = AccountTimelineProvider.swift; sourceTree = "<group>"; };
		2E6B42DC2A9A52770073A458 /* AccountWidgets.swift */ = {isa = PBXFileReference; fileEncoding = 4; lastKnownFileType = sourcecode.swift; path = AccountWidgets.swift; sourceTree = "<group>"; };
		2E925E7B2A9A972C0035A065 /* ci_post_clone.sh */ = {isa = PBXFileReference; lastKnownFileType = text.script.sh; path = ci_post_clone.sh; sourceTree = "<group>"; };
		2ECB861B2A9A5AD000CC7314 /* AccountConfiguration.swift */ = {isa = PBXFileReference; fileEncoding = 4; lastKnownFileType = sourcecode.swift; path = AccountConfiguration.swift; sourceTree = "<group>"; };
		2ECB861D2A9A5B4B00CC7314 /* SelectableColor.swift */ = {isa = PBXFileReference; lastKnownFileType = sourcecode.swift; path = SelectableColor.swift; sourceTree = "<group>"; };
		2EE60ACC2A50659200B58478 /* GitBoardKit */ = {isa = PBXFileReference; lastKnownFileType = wrapper; path = GitBoardKit; sourceTree = "<group>"; };
/* End PBXFileReference section */

/* Begin PBXFrameworksBuildPhase section */
		2E5929602A9796CF00BDFEE5 /* Frameworks */ = {
			isa = PBXFrameworksBuildPhase;
			buildActionMask = 2147483647;
			files = (
				2ECB861A2A9A53C800CC7314 /* GitBoardUI in Frameworks */,
				2E5929672A9796CF00BDFEE5 /* SwiftUI.framework in Frameworks */,
				2E5929652A9796CF00BDFEE5 /* WidgetKit.framework in Frameworks */,
			);
			runOnlyForDeploymentPostprocessing = 0;
		};
		2E61C0CA2A4C7EE6009C6552 /* Frameworks */ = {
			isa = PBXFrameworksBuildPhase;
			buildActionMask = 2147483647;
			files = (
				2EDF18AF2A507B24000C5684 /* GitBoardUI in Frameworks */,
			);
			runOnlyForDeploymentPostprocessing = 0;
		};
/* End PBXFrameworksBuildPhase section */

/* Begin PBXGroup section */
		2E5929682A9796CF00BDFEE5 /* Widgets */ = {
			isa = PBXGroup;
			children = (
				2E5929692A9796CF00BDFEE5 /* WidgetsBundle.swift */,
				2E6B42D52A9A52570073A458 /* AccountWidgets */,
				2E59296F2A9796D200BDFEE5 /* Assets.xcassets */,
				2E5929712A9796D200BDFEE5 /* Info.plist */,
				2E5929722A9796D200BDFEE5 /* Widgets.entitlements */,
			);
			path = Widgets;
			sourceTree = "<group>";
		};
		2E61C0C42A4C7EE6009C6552 = {
			isa = PBXGroup;
			children = (
				2E925E7A2A9A97050035A065 /* ci_scripts */,
				2EE60ACC2A50659200B58478 /* GitBoardKit */,
				2E61C0CF2A4C7EE6009C6552 /* GitBoard */,
				2E5929682A9796CF00BDFEE5 /* Widgets */,
				2E61C0CE2A4C7EE6009C6552 /* Products */,
				2EDF18AD2A507B24000C5684 /* Frameworks */,
			);
			sourceTree = "<group>";
		};
		2E61C0CE2A4C7EE6009C6552 /* Products */ = {
			isa = PBXGroup;
			children = (
				2E61C0CD2A4C7EE6009C6552 /* GitBoardApp.app */,
				2E5929632A9796CF00BDFEE5 /* WidgetsExtension.appex */,
			);
			name = Products;
			sourceTree = "<group>";
		};
		2E61C0CF2A4C7EE6009C6552 /* GitBoard */ = {
			isa = PBXGroup;
			children = (
				2E19563F2A51BC0A00CC02E9 /* Info.plist */,
				2E61C0D02A4C7EE6009C6552 /* GitBoardApp.swift */,
				2E61C0D62A4C7EE7009C6552 /* Assets.xcassets */,
				2E61C0D82A4C7EE7009C6552 /* GitBoard.entitlements */,
				2E61C0D92A4C7EE7009C6552 /* Preview Content */,
			);
			path = GitBoard;
			sourceTree = "<group>";
		};
		2E61C0D92A4C7EE7009C6552 /* Preview Content */ = {
			isa = PBXGroup;
			children = (
				2E61C0DA2A4C7EE7009C6552 /* Preview Assets.xcassets */,
			);
			path = "Preview Content";
			sourceTree = "<group>";
		};
		2E6B42D52A9A52570073A458 /* AccountWidgets */ = {
			isa = PBXGroup;
			children = (
				2E6B42D62A9A526B0073A458 /* AccountEntry.swift */,
				2ECB861D2A9A5B4B00CC7314 /* SelectableColor.swift */,
				2ECB861B2A9A5AD000CC7314 /* AccountConfiguration.swift */,
				2E6B42D82A9A52700073A458 /* AccountEntryView.swift */,
				2E6B42DA2A9A52730073A458 /* AccountTimelineProvider.swift */,
				2E6B42DC2A9A52770073A458 /* AccountWidgets.swift */,
			);
			path = AccountWidgets;
			sourceTree = "<group>";
		};
		2E925E7A2A9A97050035A065 /* ci_scripts */ = {
			isa = PBXGroup;
			children = (
				2E925E7B2A9A972C0035A065 /* ci_post_clone.sh */,
			);
			path = ci_scripts;
			sourceTree = "<group>";
		};
		2EDF18AD2A507B24000C5684 /* Frameworks */ = {
			isa = PBXGroup;
			children = (
				2E5929642A9796CF00BDFEE5 /* WidgetKit.framework */,
				2E5929662A9796CF00BDFEE5 /* SwiftUI.framework */,
			);
			name = Frameworks;
			sourceTree = "<group>";
		};
/* End PBXGroup section */

/* Begin PBXNativeTarget section */
		2E5929622A9796CF00BDFEE5 /* WidgetsExtension */ = {
			isa = PBXNativeTarget;
			buildConfigurationList = 2E5929792A9796D200BDFEE5 /* Build configuration list for PBXNativeTarget "WidgetsExtension" */;
			buildPhases = (
				2E59295F2A9796CF00BDFEE5 /* Sources */,
				2E5929602A9796CF00BDFEE5 /* Frameworks */,
				2E5929612A9796CF00BDFEE5 /* Resources */,
				2E59297C2A9798F600BDFEE5 /* Embed Frameworks */,
			);
			buildRules = (
			);
			dependencies = (
			);
			name = WidgetsExtension;
			packageProductDependencies = (
				2E6B42E22A9A53480073A458 /* GitBoardUI */,
			);
			productName = WidgetsExtension;
			productReference = 2E5929632A9796CF00BDFEE5 /* WidgetsExtension.appex */;
			productType = "com.apple.product-type.app-extension";
		};
		2E61C0CC2A4C7EE6009C6552 /* GitBoardApp */ = {
			isa = PBXNativeTarget;
			buildConfigurationList = 2E61C0DE2A4C7EE7009C6552 /* Build configuration list for PBXNativeTarget "GitBoardApp" */;
			buildPhases = (
				2E61C0C92A4C7EE6009C6552 /* Sources */,
				2E61C0CA2A4C7EE6009C6552 /* Frameworks */,
				2E61C0CB2A4C7EE6009C6552 /* Resources */,
				2EDF18B02A507B24000C5684 /* Embed Frameworks */,
				2E5929762A9796D200BDFEE5 /* Embed Foundation Extensions */,
			);
			buildRules = (
			);
			dependencies = (
				2E5929742A9796D200BDFEE5 /* PBXTargetDependency */,
			);
			name = GitBoardApp;
			packageProductDependencies = (
				2EDF18AE2A507B24000C5684 /* GitBoardUI */,
			);
			productName = GitBoard;
			productReference = 2E61C0CD2A4C7EE6009C6552 /* GitBoardApp.app */;
			productType = "com.apple.product-type.application";
		};
/* End PBXNativeTarget section */

/* Begin PBXProject section */
		2E61C0C52A4C7EE6009C6552 /* Project object */ = {
			isa = PBXProject;
			attributes = {
				BuildIndependentTargetsInParallel = 1;
				LastSwiftUpdateCheck = 1500;
				LastUpgradeCheck = 1500;
				TargetAttributes = {
					2E5929622A9796CF00BDFEE5 = {
						CreatedOnToolsVersion = 15.0;
					};
					2E61C0CC2A4C7EE6009C6552 = {
						CreatedOnToolsVersion = 15.0;
					};
				};
			};
			buildConfigurationList = 2E61C0C82A4C7EE6009C6552 /* Build configuration list for PBXProject "GitBoard" */;
			compatibilityVersion = "Xcode 14.0";
			developmentRegion = en;
			hasScannedForEncodings = 0;
			knownRegions = (
				en,
				Base,
			);
			mainGroup = 2E61C0C42A4C7EE6009C6552;
			productRefGroup = 2E61C0CE2A4C7EE6009C6552 /* Products */;
			projectDirPath = "";
			projectRoot = "";
			targets = (
				2E61C0CC2A4C7EE6009C6552 /* GitBoardApp */,
				2E5929622A9796CF00BDFEE5 /* WidgetsExtension */,
			);
		};
/* End PBXProject section */

/* Begin PBXResourcesBuildPhase section */
		2E5929612A9796CF00BDFEE5 /* Resources */ = {
			isa = PBXResourcesBuildPhase;
			buildActionMask = 2147483647;
			files = (
				2E5929702A9796D200BDFEE5 /* Assets.xcassets in Resources */,
			);
			runOnlyForDeploymentPostprocessing = 0;
		};
		2E61C0CB2A4C7EE6009C6552 /* Resources */ = {
			isa = PBXResourcesBuildPhase;
			buildActionMask = 2147483647;
			files = (
				2E61C0DB2A4C7EE7009C6552 /* Preview Assets.xcassets in Resources */,
				2E61C0D72A4C7EE7009C6552 /* Assets.xcassets in Resources */,
			);
			runOnlyForDeploymentPostprocessing = 0;
		};
/* End PBXResourcesBuildPhase section */

/* Begin PBXSourcesBuildPhase section */
		2E59295F2A9796CF00BDFEE5 /* Sources */ = {
			isa = PBXSourcesBuildPhase;
			buildActionMask = 2147483647;
			files = (
				2E6B42E12A9A531A0073A458 /* AccountWidgets.swift in Sources */,
				2E6B42DE2A9A530F0073A458 /* AccountEntry.swift in Sources */,
				2E6B42DF2A9A53130073A458 /* AccountEntryView.swift in Sources */,
				2E59296A2A9796CF00BDFEE5 /* WidgetsBundle.swift in Sources */,
				2ECB861E2A9A5B4B00CC7314 /* SelectableColor.swift in Sources */,
				2ECB861C2A9A5AD000CC7314 /* AccountConfiguration.swift in Sources */,
				2E6B42E02A9A53170073A458 /* AccountTimelineProvider.swift in Sources */,
			);
			runOnlyForDeploymentPostprocessing = 0;
		};
		2E61C0C92A4C7EE6009C6552 /* Sources */ = {
			isa = PBXSourcesBuildPhase;
			buildActionMask = 2147483647;
			files = (
				2E61C0D12A4C7EE6009C6552 /* GitBoardApp.swift in Sources */,
			);
			runOnlyForDeploymentPostprocessing = 0;
		};
/* End PBXSourcesBuildPhase section */

/* Begin PBXTargetDependency section */
		2E5929742A9796D200BDFEE5 /* PBXTargetDependency */ = {
			isa = PBXTargetDependency;
			target = 2E5929622A9796CF00BDFEE5 /* WidgetsExtension */;
			targetProxy = 2E5929732A9796D200BDFEE5 /* PBXContainerItemProxy */;
		};
/* End PBXTargetDependency section */

/* Begin XCBuildConfiguration section */
		2E5929772A9796D200BDFEE5 /* Debug */ = {
			isa = XCBuildConfiguration;
			buildSettings = {
				ASSETCATALOG_COMPILER_GLOBAL_ACCENT_COLOR_NAME = AccentColor;
				ASSETCATALOG_COMPILER_WIDGET_BACKGROUND_COLOR_NAME = WidgetBackground;
				CODE_SIGN_ENTITLEMENTS = Widgets/Widgets.entitlements;
				CODE_SIGN_STYLE = Automatic;
				CURRENT_PROJECT_VERSION = 1;
				DEVELOPMENT_TEAM = PU5HXZ4FZ2;
				ENABLE_HARDENED_RUNTIME = YES;
				GENERATE_INFOPLIST_FILE = YES;
				INFOPLIST_FILE = Widgets/Info.plist;
				INFOPLIST_KEY_CFBundleDisplayName = Widgets;
				INFOPLIST_KEY_NSHumanReadableCopyright = "";
				IPHONEOS_DEPLOYMENT_TARGET = 17.0;
				LD_RUNPATH_SEARCH_PATHS = (
					"$(inherited)",
					"@executable_path/Frameworks",
					"@executable_path/../../Frameworks",
				);
				"LD_RUNPATH_SEARCH_PATHS[sdk=macosx*]" = (
					"$(inherited)",
					"@executable_path/../Frameworks",
					"@executable_path/../../../../Frameworks",
				);
				MACOSX_DEPLOYMENT_TARGET = 14.0;
				MARKETING_VERSION = 1.0;
				PRODUCT_BUNDLE_IDENTIFIER = com.zunda.gitboard.widgets;
				PRODUCT_NAME = "$(TARGET_NAME)";
				SDKROOT = auto;
				SKIP_INSTALL = YES;
				SUPPORTED_PLATFORMS = "iphoneos iphonesimulator macosx";
				SWIFT_EMIT_LOC_STRINGS = YES;
				SWIFT_VERSION = 5.0;
				TARGETED_DEVICE_FAMILY = "1,2";
			};
			name = Debug;
		};
		2E5929782A9796D200BDFEE5 /* Release */ = {
			isa = XCBuildConfiguration;
			buildSettings = {
				ASSETCATALOG_COMPILER_GLOBAL_ACCENT_COLOR_NAME = AccentColor;
				ASSETCATALOG_COMPILER_WIDGET_BACKGROUND_COLOR_NAME = WidgetBackground;
				CODE_SIGN_ENTITLEMENTS = Widgets/Widgets.entitlements;
				CODE_SIGN_STYLE = Automatic;
				CURRENT_PROJECT_VERSION = 1;
				DEVELOPMENT_TEAM = PU5HXZ4FZ2;
				ENABLE_HARDENED_RUNTIME = YES;
				GENERATE_INFOPLIST_FILE = YES;
				INFOPLIST_FILE = Widgets/Info.plist;
				INFOPLIST_KEY_CFBundleDisplayName = Widgets;
				INFOPLIST_KEY_NSHumanReadableCopyright = "";
				IPHONEOS_DEPLOYMENT_TARGET = 17.0;
				LD_RUNPATH_SEARCH_PATHS = (
					"$(inherited)",
					"@executable_path/Frameworks",
					"@executable_path/../../Frameworks",
				);
				"LD_RUNPATH_SEARCH_PATHS[sdk=macosx*]" = (
					"$(inherited)",
					"@executable_path/../Frameworks",
					"@executable_path/../../../../Frameworks",
				);
				MACOSX_DEPLOYMENT_TARGET = 14.0;
				MARKETING_VERSION = 1.0;
				PRODUCT_BUNDLE_IDENTIFIER = com.zunda.gitboard.widgets;
				PRODUCT_NAME = "$(TARGET_NAME)";
				SDKROOT = auto;
				SKIP_INSTALL = YES;
				SUPPORTED_PLATFORMS = "iphoneos iphonesimulator macosx";
				SWIFT_EMIT_LOC_STRINGS = YES;
				SWIFT_VERSION = 5.0;
				TARGETED_DEVICE_FAMILY = "1,2";
			};
			name = Release;
		};
		2E61C0DC2A4C7EE7009C6552 /* Debug */ = {
			isa = XCBuildConfiguration;
			buildSettings = {
				ALWAYS_SEARCH_USER_PATHS = NO;
				ASSETCATALOG_COMPILER_GENERATE_SWIFT_ASSET_SYMBOL_EXTENSIONS = YES;
				CLANG_ANALYZER_NONNULL = YES;
				CLANG_ANALYZER_NUMBER_OBJECT_CONVERSION = YES_AGGRESSIVE;
				CLANG_CXX_LANGUAGE_STANDARD = "gnu++20";
				CLANG_ENABLE_MODULES = YES;
				CLANG_ENABLE_OBJC_ARC = YES;
				CLANG_ENABLE_OBJC_WEAK = YES;
				CLANG_WARN_BLOCK_CAPTURE_AUTORELEASING = YES;
				CLANG_WARN_BOOL_CONVERSION = YES;
				CLANG_WARN_COMMA = YES;
				CLANG_WARN_CONSTANT_CONVERSION = YES;
				CLANG_WARN_DEPRECATED_OBJC_IMPLEMENTATIONS = YES;
				CLANG_WARN_DIRECT_OBJC_ISA_USAGE = YES_ERROR;
				CLANG_WARN_DOCUMENTATION_COMMENTS = YES;
				CLANG_WARN_EMPTY_BODY = YES;
				CLANG_WARN_ENUM_CONVERSION = YES;
				CLANG_WARN_INFINITE_RECURSION = YES;
				CLANG_WARN_INT_CONVERSION = YES;
				CLANG_WARN_NON_LITERAL_NULL_CONVERSION = YES;
				CLANG_WARN_OBJC_IMPLICIT_RETAIN_SELF = YES;
				CLANG_WARN_OBJC_LITERAL_CONVERSION = YES;
				CLANG_WARN_OBJC_ROOT_CLASS = YES_ERROR;
				CLANG_WARN_QUOTED_INCLUDE_IN_FRAMEWORK_HEADER = YES;
				CLANG_WARN_RANGE_LOOP_ANALYSIS = YES;
				CLANG_WARN_STRICT_PROTOTYPES = YES;
				CLANG_WARN_SUSPICIOUS_MOVE = YES;
				CLANG_WARN_UNGUARDED_AVAILABILITY = YES_AGGRESSIVE;
				CLANG_WARN_UNREACHABLE_CODE = YES;
				CLANG_WARN__DUPLICATE_METHOD_MATCH = YES;
				COPY_PHASE_STRIP = NO;
				DEBUG_INFORMATION_FORMAT = dwarf;
				ENABLE_STRICT_OBJC_MSGSEND = YES;
				ENABLE_TESTABILITY = YES;
				ENABLE_USER_SCRIPT_SANDBOXING = YES;
				GCC_C_LANGUAGE_STANDARD = gnu17;
				GCC_DYNAMIC_NO_PIC = NO;
				GCC_NO_COMMON_BLOCKS = YES;
				GCC_OPTIMIZATION_LEVEL = 0;
				GCC_PREPROCESSOR_DEFINITIONS = (
					"DEBUG=1",
					"$(inherited)",
				);
				GCC_WARN_64_TO_32_BIT_CONVERSION = YES;
				GCC_WARN_ABOUT_RETURN_TYPE = YES_ERROR;
				GCC_WARN_UNDECLARED_SELECTOR = YES;
				GCC_WARN_UNINITIALIZED_AUTOS = YES_AGGRESSIVE;
				GCC_WARN_UNUSED_FUNCTION = YES;
				GCC_WARN_UNUSED_VARIABLE = YES;
				LOCALIZATION_PREFERS_STRING_CATALOGS = YES;
				MTL_ENABLE_DEBUG_INFO = INCLUDE_SOURCE;
				MTL_FAST_MATH = YES;
				ONLY_ACTIVE_ARCH = YES;
				SWIFT_ACTIVE_COMPILATION_CONDITIONS = "DEBUG $(inherited)";
				SWIFT_OPTIMIZATION_LEVEL = "-Onone";
			};
			name = Debug;
		};
		2E61C0DD2A4C7EE7009C6552 /* Release */ = {
			isa = XCBuildConfiguration;
			buildSettings = {
				ALWAYS_SEARCH_USER_PATHS = NO;
				ASSETCATALOG_COMPILER_GENERATE_SWIFT_ASSET_SYMBOL_EXTENSIONS = YES;
				CLANG_ANALYZER_NONNULL = YES;
				CLANG_ANALYZER_NUMBER_OBJECT_CONVERSION = YES_AGGRESSIVE;
				CLANG_CXX_LANGUAGE_STANDARD = "gnu++20";
				CLANG_ENABLE_MODULES = YES;
				CLANG_ENABLE_OBJC_ARC = YES;
				CLANG_ENABLE_OBJC_WEAK = YES;
				CLANG_WARN_BLOCK_CAPTURE_AUTORELEASING = YES;
				CLANG_WARN_BOOL_CONVERSION = YES;
				CLANG_WARN_COMMA = YES;
				CLANG_WARN_CONSTANT_CONVERSION = YES;
				CLANG_WARN_DEPRECATED_OBJC_IMPLEMENTATIONS = YES;
				CLANG_WARN_DIRECT_OBJC_ISA_USAGE = YES_ERROR;
				CLANG_WARN_DOCUMENTATION_COMMENTS = YES;
				CLANG_WARN_EMPTY_BODY = YES;
				CLANG_WARN_ENUM_CONVERSION = YES;
				CLANG_WARN_INFINITE_RECURSION = YES;
				CLANG_WARN_INT_CONVERSION = YES;
				CLANG_WARN_NON_LITERAL_NULL_CONVERSION = YES;
				CLANG_WARN_OBJC_IMPLICIT_RETAIN_SELF = YES;
				CLANG_WARN_OBJC_LITERAL_CONVERSION = YES;
				CLANG_WARN_OBJC_ROOT_CLASS = YES_ERROR;
				CLANG_WARN_QUOTED_INCLUDE_IN_FRAMEWORK_HEADER = YES;
				CLANG_WARN_RANGE_LOOP_ANALYSIS = YES;
				CLANG_WARN_STRICT_PROTOTYPES = YES;
				CLANG_WARN_SUSPICIOUS_MOVE = YES;
				CLANG_WARN_UNGUARDED_AVAILABILITY = YES_AGGRESSIVE;
				CLANG_WARN_UNREACHABLE_CODE = YES;
				CLANG_WARN__DUPLICATE_METHOD_MATCH = YES;
				COPY_PHASE_STRIP = NO;
				DEBUG_INFORMATION_FORMAT = "dwarf-with-dsym";
				ENABLE_NS_ASSERTIONS = NO;
				ENABLE_STRICT_OBJC_MSGSEND = YES;
				ENABLE_USER_SCRIPT_SANDBOXING = YES;
				GCC_C_LANGUAGE_STANDARD = gnu17;
				GCC_NO_COMMON_BLOCKS = YES;
				GCC_WARN_64_TO_32_BIT_CONVERSION = YES;
				GCC_WARN_ABOUT_RETURN_TYPE = YES_ERROR;
				GCC_WARN_UNDECLARED_SELECTOR = YES;
				GCC_WARN_UNINITIALIZED_AUTOS = YES_AGGRESSIVE;
				GCC_WARN_UNUSED_FUNCTION = YES;
				GCC_WARN_UNUSED_VARIABLE = YES;
				LOCALIZATION_PREFERS_STRING_CATALOGS = YES;
				MTL_ENABLE_DEBUG_INFO = NO;
				MTL_FAST_MATH = YES;
				SWIFT_COMPILATION_MODE = wholemodule;
			};
			name = Release;
		};
		2E61C0DF2A4C7EE7009C6552 /* Debug */ = {
			isa = XCBuildConfiguration;
			buildSettings = {
				ALWAYS_EMBED_SWIFT_STANDARD_LIBRARIES = YES;
				ASSETCATALOG_COMPILER_APPICON_NAME = AppIcon;
				ASSETCATALOG_COMPILER_GLOBAL_ACCENT_COLOR_NAME = AccentColor;
				CODE_SIGN_ENTITLEMENTS = GitBoard/GitBoard.entitlements;
				CODE_SIGN_STYLE = Automatic;
				CURRENT_PROJECT_VERSION = 1;
				DEVELOPMENT_ASSET_PATHS = "\"GitBoard/Preview Content\"";
				DEVELOPMENT_TEAM = PU5HXZ4FZ2;
				ENABLE_HARDENED_RUNTIME = YES;
				ENABLE_PREVIEWS = YES;
				GENERATE_INFOPLIST_FILE = YES;
				INFOPLIST_FILE = GitBoard/Info.plist;
				INFOPLIST_KEY_CFBundleDisplayName = GitBoard;
				"INFOPLIST_KEY_UIApplicationSceneManifest_Generation[sdk=iphoneos*]" = YES;
				"INFOPLIST_KEY_UIApplicationSceneManifest_Generation[sdk=iphonesimulator*]" = YES;
				"INFOPLIST_KEY_UIApplicationSupportsIndirectInputEvents[sdk=iphoneos*]" = YES;
				"INFOPLIST_KEY_UIApplicationSupportsIndirectInputEvents[sdk=iphonesimulator*]" = YES;
				"INFOPLIST_KEY_UILaunchScreen_Generation[sdk=iphoneos*]" = YES;
				"INFOPLIST_KEY_UILaunchScreen_Generation[sdk=iphonesimulator*]" = YES;
				"INFOPLIST_KEY_UIStatusBarStyle[sdk=iphoneos*]" = UIStatusBarStyleDefault;
				"INFOPLIST_KEY_UIStatusBarStyle[sdk=iphonesimulator*]" = UIStatusBarStyleDefault;
				INFOPLIST_KEY_UISupportedInterfaceOrientations_iPad = "UIInterfaceOrientationPortrait UIInterfaceOrientationPortraitUpsideDown UIInterfaceOrientationLandscapeLeft UIInterfaceOrientationLandscapeRight";
				INFOPLIST_KEY_UISupportedInterfaceOrientations_iPhone = "UIInterfaceOrientationPortrait UIInterfaceOrientationLandscapeLeft UIInterfaceOrientationLandscapeRight";
				IPHONEOS_DEPLOYMENT_TARGET = 17.0;
				LD_RUNPATH_SEARCH_PATHS = "@executable_path/Frameworks";
				"LD_RUNPATH_SEARCH_PATHS[sdk=macosx*]" = "@executable_path/../Frameworks";
				MACOSX_DEPLOYMENT_TARGET = 14.0;
				MARKETING_VERSION = 1.0;
				PRODUCT_BUNDLE_IDENTIFIER = com.zunda.gitboard;
				PRODUCT_NAME = "$(TARGET_NAME)";
				SDKROOT = auto;
				SUPPORTED_PLATFORMS = "iphoneos iphonesimulator macosx";
				SWIFT_EMIT_LOC_STRINGS = YES;
				SWIFT_VERSION = 5.0;
				TARGETED_DEVICE_FAMILY = "1,2";
			};
			name = Debug;
		};
		2E61C0E02A4C7EE7009C6552 /* Release */ = {
			isa = XCBuildConfiguration;
			buildSettings = {
				ALWAYS_EMBED_SWIFT_STANDARD_LIBRARIES = YES;
				ASSETCATALOG_COMPILER_APPICON_NAME = AppIcon;
				ASSETCATALOG_COMPILER_GLOBAL_ACCENT_COLOR_NAME = AccentColor;
				CODE_SIGN_ENTITLEMENTS = GitBoard/GitBoard.entitlements;
				CODE_SIGN_STYLE = Automatic;
				CURRENT_PROJECT_VERSION = 1;
				DEVELOPMENT_ASSET_PATHS = "\"GitBoard/Preview Content\"";
				DEVELOPMENT_TEAM = PU5HXZ4FZ2;
				ENABLE_HARDENED_RUNTIME = YES;
				ENABLE_PREVIEWS = YES;
				GENERATE_INFOPLIST_FILE = YES;
				INFOPLIST_FILE = GitBoard/Info.plist;
				INFOPLIST_KEY_CFBundleDisplayName = GitBoard;
				"INFOPLIST_KEY_UIApplicationSceneManifest_Generation[sdk=iphoneos*]" = YES;
				"INFOPLIST_KEY_UIApplicationSceneManifest_Generation[sdk=iphonesimulator*]" = YES;
				"INFOPLIST_KEY_UIApplicationSupportsIndirectInputEvents[sdk=iphoneos*]" = YES;
				"INFOPLIST_KEY_UIApplicationSupportsIndirectInputEvents[sdk=iphonesimulator*]" = YES;
				"INFOPLIST_KEY_UILaunchScreen_Generation[sdk=iphoneos*]" = YES;
				"INFOPLIST_KEY_UILaunchScreen_Generation[sdk=iphonesimulator*]" = YES;
				"INFOPLIST_KEY_UIStatusBarStyle[sdk=iphoneos*]" = UIStatusBarStyleDefault;
				"INFOPLIST_KEY_UIStatusBarStyle[sdk=iphonesimulator*]" = UIStatusBarStyleDefault;
				INFOPLIST_KEY_UISupportedInterfaceOrientations_iPad = "UIInterfaceOrientationPortrait UIInterfaceOrientationPortraitUpsideDown UIInterfaceOrientationLandscapeLeft UIInterfaceOrientationLandscapeRight";
				INFOPLIST_KEY_UISupportedInterfaceOrientations_iPhone = "UIInterfaceOrientationPortrait UIInterfaceOrientationLandscapeLeft UIInterfaceOrientationLandscapeRight";
				IPHONEOS_DEPLOYMENT_TARGET = 17.0;
				LD_RUNPATH_SEARCH_PATHS = "@executable_path/Frameworks";
				"LD_RUNPATH_SEARCH_PATHS[sdk=macosx*]" = "@executable_path/../Frameworks";
				MACOSX_DEPLOYMENT_TARGET = 14.0;
				MARKETING_VERSION = 1.0;
				PRODUCT_BUNDLE_IDENTIFIER = com.zunda.gitboard;
				PRODUCT_NAME = "$(TARGET_NAME)";
				SDKROOT = auto;
				SUPPORTED_PLATFORMS = "iphoneos iphonesimulator macosx";
				SWIFT_EMIT_LOC_STRINGS = YES;
				SWIFT_VERSION = 5.0;
				TARGETED_DEVICE_FAMILY = "1,2";
			};
			name = Release;
		};
/* End XCBuildConfiguration section */

/* Begin XCConfigurationList section */
		2E5929792A9796D200BDFEE5 /* Build configuration list for PBXNativeTarget "WidgetsExtension" */ = {
			isa = XCConfigurationList;
			buildConfigurations = (
				2E5929772A9796D200BDFEE5 /* Debug */,
				2E5929782A9796D200BDFEE5 /* Release */,
			);
			defaultConfigurationIsVisible = 0;
			defaultConfigurationName = Release;
		};
		2E61C0C82A4C7EE6009C6552 /* Build configuration list for PBXProject "GitBoard" */ = {
			isa = XCConfigurationList;
			buildConfigurations = (
				2E61C0DC2A4C7EE7009C6552 /* Debug */,
				2E61C0DD2A4C7EE7009C6552 /* Release */,
			);
			defaultConfigurationIsVisible = 0;
			defaultConfigurationName = Release;
		};
		2E61C0DE2A4C7EE7009C6552 /* Build configuration list for PBXNativeTarget "GitBoardApp" */ = {
			isa = XCConfigurationList;
			buildConfigurations = (
				2E61C0DF2A4C7EE7009C6552 /* Debug */,
				2E61C0E02A4C7EE7009C6552 /* Release */,
			);
			defaultConfigurationIsVisible = 0;
			defaultConfigurationName = Release;
		};
/* End XCConfigurationList section */

/* Begin XCSwiftPackageProductDependency section */
		2E6B42E22A9A53480073A458 /* GitBoardUI */ = {
			isa = XCSwiftPackageProductDependency;
			productName = GitBoardUI;
		};
		2EDF18AE2A507B24000C5684 /* GitBoardUI */ = {
			isa = XCSwiftPackageProductDependency;
			productName = GitBoardUI;
		};
/* End XCSwiftPackageProductDependency section */
	};
	rootObject = 2E61C0C52A4C7EE6009C6552 /* Project object */;
}
